// !$*UTF8*$!
{
	archiveVersion = 1;
	classes = {
	};
	objectVersion = 55;
	objects = {

/* Begin PBXBuildFile section */
		12A2E021273458FE00F7DE4B /* AppDelegate.swift in Sources */ = {isa = PBXBuildFile; fileRef = 12A2E020273458FE00F7DE4B /* AppDelegate.swift */; };
		12A2E023273458FE00F7DE4B /* SceneDelegate.swift in Sources */ = {isa = PBXBuildFile; fileRef = 12A2E022273458FE00F7DE4B /* SceneDelegate.swift */; };
		12A2E025273458FE00F7DE4B /* ViewController.swift in Sources */ = {isa = PBXBuildFile; fileRef = 12A2E024273458FE00F7DE4B /* ViewController.swift */; };
		12A2E028273458FE00F7DE4B /* Main.storyboard in Resources */ = {isa = PBXBuildFile; fileRef = 12A2E026273458FE00F7DE4B /* Main.storyboard */; };
		12A2E02A273458FF00F7DE4B /* Assets.xcassets in Resources */ = {isa = PBXBuildFile; fileRef = 12A2E029273458FF00F7DE4B /* Assets.xcassets */; };
		12A2E02D273458FF00F7DE4B /* LaunchScreen.storyboard in Resources */ = {isa = PBXBuildFile; fileRef = 12A2E02B273458FF00F7DE4B /* LaunchScreen.storyboard */; };
		12A2E0372734594E00F7DE4B /* ApiManager.swift in Sources */ = {isa = PBXBuildFile; fileRef = 12A2E0362734594E00F7DE4B /* ApiManager.swift */; };
		12A2E03B27345DA400F7DE4B /* Users.swift in Sources */ = {isa = PBXBuildFile; fileRef = 12A2E03A27345DA400F7DE4B /* Users.swift */; };
		12A2E03D27345E3600F7DE4B /* Posts.swift in Sources */ = {isa = PBXBuildFile; fileRef = 12A2E03C27345E3600F7DE4B /* Posts.swift */; };
		12A2E03F27345E6800F7DE4B /* Albums.swift in Sources */ = {isa = PBXBuildFile; fileRef = 12A2E03E27345E6800F7DE4B /* Albums.swift */; };
/* End PBXBuildFile section */

/* Begin PBXFileReference section */
		12A2E01D273458FE00F7DE4B /* RequestsDemo.app */ = {isa = PBXFileReference; explicitFileType = wrapper.application; includeInIndex = 0; path = RequestsDemo.app; sourceTree = BUILT_PRODUCTS_DIR; };
		12A2E020273458FE00F7DE4B /* AppDelegate.swift */ = {isa = PBXFileReference; lastKnownFileType = sourcecode.swift; path = AppDelegate.swift; sourceTree = "<group>"; };
		12A2E022273458FE00F7DE4B /* SceneDelegate.swift */ = {isa = PBXFileReference; lastKnownFileType = sourcecode.swift; path = SceneDelegate.swift; sourceTree = "<group>"; };
		12A2E024273458FE00F7DE4B /* ViewController.swift */ = {isa = PBXFileReference; lastKnownFileType = sourcecode.swift; path = ViewController.swift; sourceTree = "<group>"; };
		12A2E027273458FE00F7DE4B /* Base */ = {isa = PBXFileReference; lastKnownFileType = file.storyboard; name = Base; path = Base.lproj/Main.storyboard; sourceTree = "<group>"; };
		12A2E029273458FF00F7DE4B /* Assets.xcassets */ = {isa = PBXFileReference; lastKnownFileType = folder.assetcatalog; path = Assets.xcassets; sourceTree = "<group>"; };
		12A2E02C273458FF00F7DE4B /* Base */ = {isa = PBXFileReference; lastKnownFileType = file.storyboard; name = Base; path = Base.lproj/LaunchScreen.storyboard; sourceTree = "<group>"; };
		12A2E02E273458FF00F7DE4B /* Info.plist */ = {isa = PBXFileReference; lastKnownFileType = text.plist.xml; path = Info.plist; sourceTree = "<group>"; };
		12A2E0362734594E00F7DE4B /* ApiManager.swift */ = {isa = PBXFileReference; lastKnownFileType = sourcecode.swift; path = ApiManager.swift; sourceTree = "<group>"; };
		12A2E03A27345DA400F7DE4B /* Users.swift */ = {isa = PBXFileReference; lastKnownFileType = sourcecode.swift; path = Users.swift; sourceTree = "<group>"; };
		12A2E03C27345E3600F7DE4B /* Posts.swift */ = {isa = PBXFileReference; lastKnownFileType = sourcecode.swift; path = Posts.swift; sourceTree = "<group>"; };
		12A2E03E27345E6800F7DE4B /* Albums.swift */ = {isa = PBXFileReference; lastKnownFileType = sourcecode.swift; path = Albums.swift; sourceTree = "<group>"; };
/* End PBXFileReference section */

/* Begin PBXFrameworksBuildPhase section */
		12A2E01A273458FE00F7DE4B /* Frameworks */ = {
			isa = PBXFrameworksBuildPhase;
			buildActionMask = 2147483647;
			files = (
			);
			runOnlyForDeploymentPostprocessing = 0;
		};
/* End PBXFrameworksBuildPhase section */

/* Begin PBXGroup section */
		12A2E014273458FE00F7DE4B = {
			isa = PBXGroup;
			children = (
				12A2E01F273458FE00F7DE4B /* RequestsDemo */,
				12A2E01E273458FE00F7DE4B /* Products */,
			);
			sourceTree = "<group>";
		};
		12A2E01E273458FE00F7DE4B /* Products */ = {
			isa = PBXGroup;
			children = (
				12A2E01D273458FE00F7DE4B /* RequestsDemo.app */,
			);
			name = Products;
			sourceTree = "<group>";
		};
		12A2E01F273458FE00F7DE4B /* RequestsDemo */ = {
			isa = PBXGroup;
			children = (
				12A2E0342734592000F7DE4B /* API */,
				12A2E020273458FE00F7DE4B /* AppDelegate.swift */,
				12A2E022273458FE00F7DE4B /* SceneDelegate.swift */,
				12A2E024273458FE00F7DE4B /* ViewController.swift */,
				12A2E026273458FE00F7DE4B /* Main.storyboard */,
				12A2E029273458FF00F7DE4B /* Assets.xcassets */,
				12A2E02B273458FF00F7DE4B /* LaunchScreen.storyboard */,
				12A2E02E273458FF00F7DE4B /* Info.plist */,
			);
			path = RequestsDemo;
			sourceTree = "<group>";
		};
		12A2E0342734592000F7DE4B /* API */ = {
			isa = PBXGroup;
			children = (
				12A2E0392734596700F7DE4B /* Models */,
				12A2E0382734595800F7DE4B /* Services */,
			);
			path = API;
			sourceTree = "<group>";
		};
		12A2E0382734595800F7DE4B /* Services */ = {
			isa = PBXGroup;
			children = (
				12A2E0362734594E00F7DE4B /* ApiManager.swift */,
			);
			path = Services;
			sourceTree = "<group>";
		};
		12A2E0392734596700F7DE4B /* Models */ = {
			isa = PBXGroup;
			children = (
				12A2E03A27345DA400F7DE4B /* Users.swift */,
				12A2E03C27345E3600F7DE4B /* Posts.swift */,
				12A2E03E27345E6800F7DE4B /* Albums.swift */,
			);
			path = Models;
			sourceTree = "<group>";
		};
/* End PBXGroup section */

/* Begin PBXNativeTarget section */
		12A2E01C273458FE00F7DE4B /* RequestsDemo */ = {
			isa = PBXNativeTarget;
			buildConfigurationList = 12A2E031273458FF00F7DE4B /* Build configuration list for PBXNativeTarget "RequestsDemo" */;
			buildPhases = (
				12A2E019273458FE00F7DE4B /* Sources */,
				12A2E01A273458FE00F7DE4B /* Frameworks */,
				12A2E01B273458FE00F7DE4B /* Resources */,
			);
			buildRules = (
			);
			dependencies = (
			);
			name = RequestsDemo;
			productName = RequestsDemo;
			productReference = 12A2E01D273458FE00F7DE4B /* RequestsDemo.app */;
			productType = "com.apple.product-type.application";
		};
/* End PBXNativeTarget section */

/* Begin PBXProject section */
		12A2E015273458FE00F7DE4B /* Project object */ = {
			isa = PBXProject;
			attributes = {
				BuildIndependentTargetsInParallel = 1;
				LastSwiftUpdateCheck = 1310;
				LastUpgradeCheck = 1310;
				TargetAttributes = {
					12A2E01C273458FE00F7DE4B = {
						CreatedOnToolsVersion = 13.1;
					};
				};
			};
			buildConfigurationList = 12A2E018273458FE00F7DE4B /* Build configuration list for PBXProject "RequestsDemo" */;
			compatibilityVersion = "Xcode 13.0";
			developmentRegion = en;
			hasScannedForEncodings = 0;
			knownRegions = (
				en,
				Base,
			);
			mainGroup = 12A2E014273458FE00F7DE4B;
			productRefGroup = 12A2E01E273458FE00F7DE4B /* Products */;
			projectDirPath = "";
			projectRoot = "";
			targets = (
				12A2E01C273458FE00F7DE4B /* RequestsDemo */,
			);
		};
/* End PBXProject section */

/* Begin PBXResourcesBuildPhase section */
		12A2E01B273458FE00F7DE4B /* Resources */ = {
			isa = PBXResourcesBuildPhase;
			buildActionMask = 2147483647;
			files = (
				12A2E02D273458FF00F7DE4B /* LaunchScreen.storyboard in Resources */,
				12A2E02A273458FF00F7DE4B /* Assets.xcassets in Resources */,
				12A2E028273458FE00F7DE4B /* Main.storyboard in Resources */,
			);
			runOnlyForDeploymentPostprocessing = 0;
		};
/* End PBXResourcesBuildPhase section */

/* Begin PBXSourcesBuildPhase section */
		12A2E019273458FE00F7DE4B /* Sources */ = {
			isa = PBXSourcesBuildPhase;
			buildActionMask = 2147483647;
			files = (
				12A2E0372734594E00F7DE4B /* ApiManager.swift in Sources */,
				12A2E03D27345E3600F7DE4B /* Posts.swift in Sources */,
				12A2E025273458FE00F7DE4B /* ViewController.swift in Sources */,
				12A2E03B27345DA400F7DE4B /* Users.swift in Sources */,
				12A2E03F27345E6800F7DE4B /* Albums.swift in Sources */,
				12A2E021273458FE00F7DE4B /* AppDelegate.swift in Sources */,
				12A2E023273458FE00F7DE4B /* SceneDelegate.swift in Sources */,
			);
			runOnlyForDeploymentPostprocessing = 0;
		};
/* End PBXSourcesBuildPhase section */

/* Begin PBXVariantGroup section */
		12A2E026273458FE00F7DE4B /* Main.storyboard */ = {
			isa = PBXVariantGroup;
			children = (
				12A2E027273458FE00F7DE4B /* Base */,
			);
			name = Main.storyboard;
			sourceTree = "<group>";
		};
		12A2E02B273458FF00F7DE4B /* LaunchScreen.storyboard */ = {
			isa = PBXVariantGroup;
			children = (
				12A2E02C273458FF00F7DE4B /* Base */,
			);
			name = LaunchScreen.storyboard;
			sourceTree = "<group>";
		};
/* End PBXVariantGroup section */

/* Begin XCBuildConfiguration section */
		12A2E02F273458FF00F7DE4B /* Debug */ = {
			isa = XCBuildConfiguration;
			buildSettings = {
				ALWAYS_SEARCH_USER_PATHS = NO;
				CLANG_ANALYZER_NONNULL = YES;
				CLANG_ANALYZER_NUMBER_OBJECT_CONVERSION = YES_AGGRESSIVE;
				CLANG_CXX_LANGUAGE_STANDARD = "gnu++17";
				CLANG_CXX_LIBRARY = "libc++";
				CLANG_ENABLE_MODULES = YES;
				CLANG_ENABLE_OBJC_ARC = YES;
				CLANG_ENABLE_OBJC_WEAK = YES;
				CLANG_WARN_BLOCK_CAPTURE_AUTORELEASING = YES;
				CLANG_WARN_BOOL_CONVERSION = YES;
				CLANG_WARN_COMMA = YES;
				CLANG_WARN_CONSTANT_CONVERSION = YES;
				CLANG_WARN_DEPRECATED_OBJC_IMPLEMENTATIONS = YES;
				CLANG_WARN_DIRECT_OBJC_ISA_USAGE = YES_ERROR;
				CLANG_WARN_DOCUMENTATION_COMMENTS = YES;
				CLANG_WARN_EMPTY_BODY = YES;
				CLANG_WARN_ENUM_CONVERSION = YES;
				CLANG_WARN_INFINITE_RECURSION = YES;
				CLANG_WARN_INT_CONVERSION = YES;
				CLANG_WARN_NON_LITERAL_NULL_CONVERSION = YES;
				CLANG_WARN_OBJC_IMPLICIT_RETAIN_SELF = YES;
				CLANG_WARN_OBJC_LITERAL_CONVERSION = YES;
				CLANG_WARN_OBJC_ROOT_CLASS = YES_ERROR;
				CLANG_WARN_QUOTED_INCLUDE_IN_FRAMEWORK_HEADER = YES;
				CLANG_WARN_RANGE_LOOP_ANALYSIS = YES;
				CLANG_WARN_STRICT_PROTOTYPES = YES;
				CLANG_WARN_SUSPICIOUS_MOVE = YES;
				CLANG_WARN_UNGUARDED_AVAILABILITY = YES_AGGRESSIVE;
				CLANG_WARN_UNREACHABLE_CODE = YES;
				CLANG_WARN__DUPLICATE_METHOD_MATCH = YES;
				COPY_PHASE_STRIP = NO;
				DEBUG_INFORMATION_FORMAT = dwarf;
				ENABLE_STRICT_OBJC_MSGSEND = YES;
				ENABLE_TESTABILITY = YES;
				GCC_C_LANGUAGE_STANDARD = gnu11;
				GCC_DYNAMIC_NO_PIC = NO;
				GCC_NO_COMMON_BLOCKS = YES;
				GCC_OPTIMIZATION_LEVEL = 0;
				GCC_PREPROCESSOR_DEFINITIONS = (
					"DEBUG=1",
					"$(inherited)",
				);
				GCC_WARN_64_TO_32_BIT_CONVERSION = YES;
				GCC_WARN_ABOUT_RETURN_TYPE = YES_ERROR;
				GCC_WARN_UNDECLARED_SELECTOR = YES;
				GCC_WARN_UNINITIALIZED_AUTOS = YES_AGGRESSIVE;
				GCC_WARN_UNUSED_FUNCTION = YES;
				GCC_WARN_UNUSED_VARIABLE = YES;
				IPHONEOS_DEPLOYMENT_TARGET = 15.0;
				MTL_ENABLE_DEBUG_INFO = INCLUDE_SOURCE;
				MTL_FAST_MATH = YES;
				ONLY_ACTIVE_ARCH = YES;
				SDKROOT = iphoneos;
				SWIFT_ACTIVE_COMPILATION_CONDITIONS = DEBUG;
				SWIFT_OPTIMIZATION_LEVEL = "-Onone";
			};
			name = Debug;
		};
		12A2E030273458FF00F7DE4B /* Release */ = {
			isa = XCBuildConfiguration;
			buildSettings = {
				ALWAYS_SEARCH_USER_PATHS = NO;
				CLANG_ANALYZER_NONNULL = YES;
				CLANG_ANALYZER_NUMBER_OBJECT_CONVERSION = YES_AGGRESSIVE;
				CLANG_CXX_LANGUAGE_STANDARD = "gnu++17";
				CLANG_CXX_LIBRARY = "libc++";
				CLANG_ENABLE_MODULES = YES;
				CLANG_ENABLE_OBJC_ARC = YES;
				CLANG_ENABLE_OBJC_WEAK = YES;
				CLANG_WARN_BLOCK_CAPTURE_AUTORELEASING = YES;
				CLANG_WARN_BOOL_CONVERSION = YES;
				CLANG_WARN_COMMA = YES;
				CLANG_WARN_CONSTANT_CONVERSION = YES;
				CLANG_WARN_DEPRECATED_OBJC_IMPLEMENTATIONS = YES;
				CLANG_WARN_DIRECT_OBJC_ISA_USAGE = YES_ERROR;
				CLANG_WARN_DOCUMENTATION_COMMENTS = YES;
				CLANG_WARN_EMPTY_BODY = YES;
				CLANG_WARN_ENUM_CONVERSION = YES;
				CLANG_WARN_INFINITE_RECURSION = YES;
				CLANG_WARN_INT_CONVERSION = YES;
				CLANG_WARN_NON_LITERAL_NULL_CONVERSION = YES;
				CLANG_WARN_OBJC_IMPLICIT_RETAIN_SELF = YES;
				CLANG_WARN_OBJC_LITERAL_CONVERSION = YES;
				CLANG_WARN_OBJC_ROOT_CLASS = YES_ERROR;
				CLANG_WARN_QUOTED_INCLUDE_IN_FRAMEWORK_HEADER = YES;
				CLANG_WARN_RANGE_LOOP_ANALYSIS = YES;
				CLANG_WARN_STRICT_PROTOTYPES = YES;
				CLANG_WARN_SUSPICIOUS_MOVE = YES;
				CLANG_WARN_UNGUARDED_AVAILABILITY = YES_AGGRESSIVE;
				CLANG_WARN_UNREACHABLE_CODE = YES;
				CLANG_WARN__DUPLICATE_METHOD_MATCH = YES;
				COPY_PHASE_STRIP = NO;
				DEBUG_INFORMATION_FORMAT = "dwarf-with-dsym";
				ENABLE_NS_ASSERTIONS = NO;
				ENABLE_STRICT_OBJC_MSGSEND = YES;
				GCC_C_LANGUAGE_STANDARD = gnu11;
				GCC_NO_COMMON_BLOCKS = YES;
				GCC_WARN_64_TO_32_BIT_CONVERSION = YES;
				GCC_WARN_ABOUT_RETURN_TYPE = YES_ERROR;
				GCC_WARN_UNDECLARED_SELECTOR = YES;
				GCC_WARN_UNINITIALIZED_AUTOS = YES_AGGRESSIVE;
				GCC_WARN_UNUSED_FUNCTION = YES;
				GCC_WARN_UNUSED_VARIABLE = YES;
				IPHONEOS_DEPLOYMENT_TARGET = 15.0;
				MTL_ENABLE_DEBUG_INFO = NO;
				MTL_FAST_MATH = YES;
				SDKROOT = iphoneos;
				SWIFT_COMPILATION_MODE = wholemodule;
				SWIFT_OPTIMIZATION_LEVEL = "-O";
				VALIDATE_PRODUCT = YES;
			};
			name = Release;
		};
		12A2E032273458FF00F7DE4B /* Debug */ = {
			isa = XCBuildConfiguration;
			buildSettings = {
				ASSETCATALOG_COMPILER_APPICON_NAME = AppIcon;
				ASSETCATALOG_COMPILER_GLOBAL_ACCENT_COLOR_NAME = AccentColor;
				CODE_SIGN_STYLE = Automatic;
				CURRENT_PROJECT_VERSION = 1;
				DEVELOPMENT_TEAM = X898K49UV8;
				GENERATE_INFOPLIST_FILE = YES;
				INFOPLIST_FILE = RequestsDemo/Info.plist;
				INFOPLIST_KEY_UIApplicationSupportsIndirectInputEvents = YES;
				INFOPLIST_KEY_UILaunchStoryboardName = LaunchScreen;
				INFOPLIST_KEY_UIMainStoryboardFile = Main;
				INFOPLIST_KEY_UISupportedInterfaceOrientations_iPad = "UIInterfaceOrientationPortrait UIInterfaceOrientationPortraitUpsideDown UIInterfaceOrientationLandscapeLeft UIInterfaceOrientationLandscapeRight";
				INFOPLIST_KEY_UISupportedInterfaceOrientations_iPhone = "UIInterfaceOrientationPortrait UIInterfaceOrientationLandscapeLeft UIInterfaceOrientationLandscapeRight";
				LD_RUNPATH_SEARCH_PATHS = (
					"$(inherited)",
					"@executable_path/Frameworks",
				);
				MARKETING_VERSION = 1.0;
				PRODUCT_BUNDLE_IDENTIFIER = com.monas.RequestsDemo;
				PRODUCT_NAME = "$(TARGET_NAME)";
				SWIFT_EMIT_LOC_STRINGS = YES;
				SWIFT_VERSION = 5.0;
				TARGETED_DEVICE_FAMILY = "1,2";
			};
			name = Debug;
		};
		12A2E033273458FF00F7DE4B /* Release */ = {
			isa = XCBuildConfiguration;
			buildSettings = {
				ASSETCATALOG_COMPILER_APPICON_NAME = AppIcon;
				ASSETCATALOG_COMPILER_GLOBAL_ACCENT_COLOR_NAME = AccentColor;
				CODE_SIGN_STYLE = Automatic;
				CURRENT_PROJECT_VERSION = 1;
				DEVELOPMENT_TEAM = X898K49UV8;
				GENERATE_INFOPLIST_FILE = YES;
				INFOPLIST_FILE = RequestsDemo/Info.plist;
				INFOPLIST_KEY_UIApplicationSupportsIndirectInputEvents = YES;
				INFOPLIST_KEY_UILaunchStoryboardName = LaunchScreen;
				INFOPLIST_KEY_UIMainStoryboardFile = Main;
				INFOPLIST_KEY_UISupportedInterfaceOrientations_iPad = "UIInterfaceOrientationPortrait UIInterfaceOrientationPortraitUpsideDown UIInterfaceOrientationLandscapeLeft UIInterfaceOrientationLandscapeRight";
				INFOPLIST_KEY_UISupportedInterfaceOrientations_iPhone = "UIInterfaceOrientationPortrait UIInterfaceOrientationLandscapeLeft UIInterfaceOrientationLandscapeRight";
				LD_RUNPATH_SEARCH_PATHS = (
					"$(inherited)",
					"@executable_path/Frameworks",
				);
				MARKETING_VERSION = 1.0;
				PRODUCT_BUNDLE_IDENTIFIER = com.monas.RequestsDemo;
				PRODUCT_NAME = "$(TARGET_NAME)";
				SWIFT_EMIT_LOC_STRINGS = YES;
				SWIFT_VERSION = 5.0;
				TARGETED_DEVICE_FAMILY = "1,2";
			};
			name = Release;
		};
/* End XCBuildConfiguration section */

/* Begin XCConfigurationList section */
		12A2E018273458FE00F7DE4B /* Build configuration list for PBXProject "RequestsDemo" */ = {
			isa = XCConfigurationList;
			buildConfigurations = (
				12A2E02F273458FF00F7DE4B /* Debug */,
				12A2E030273458FF00F7DE4B /* Release */,
			);
			defaultConfigurationIsVisible = 0;
			defaultConfigurationName = Release;
		};
		12A2E031273458FF00F7DE4B /* Build configuration list for PBXNativeTarget "RequestsDemo" */ = {
			isa = XCConfigurationList;
			buildConfigurations = (
				12A2E032273458FF00F7DE4B /* Debug */,
				12A2E033273458FF00F7DE4B /* Release */,
			);
			defaultConfigurationIsVisible = 0;
			defaultConfigurationName = Release;
		};
/* End XCConfigurationList section */
	};
	rootObject = 12A2E015273458FE00F7DE4B /* Project object */;
}
